
Microsoft Visual Studio Solution File, Format Version 12.00
# Visual Studio Version 16
VisualStudioVersion = 16.0.31402.337
MinimumVisualStudioVersion = 10.0.40219.1
Project("{9A19103F-16F7-4668-BE54-9A1E7A4F7556}") = "RazorPagesCarStoreApiConsumer", "RazorPagesCarStoreApiConsumer\RazorPagesCarStoreApiConsumer.csproj", "{55C236CC-D7CD-4111-B2E5-E4A940F9CC1C}"
EndProject
Global
	GlobalSection(SolutionConfigurationPlatforms) = preSolution
		Debug|Any CPU = Debug|Any CPU
		Release|Any CPU = Release|Any CPU
	EndGlobalSection
	GlobalSection(ProjectConfigurationPlatforms) = postSolution
		{55C236CC-D7CD-4111-B2E5-E4A940F9CC1C}.Debug|Any CPU.ActiveCfg = Debug|Any CPU
		{55C236CC-D7CD-4111-B2E5-E4A940F9CC1C}.Debug|Any CPU.Build.0 = Debug|Any CPU
		{55C236CC-D7CD-4111-B2E5-E4A940F9CC1C}.Release|Any CPU.ActiveCfg = Release|Any CPU
		{55C236CC-D7CD-4111-B2E5-E4A940F9CC1C}.Release|Any CPU.Build.0 = Release|Any CPU
	EndGlobalSection
	GlobalSection(SolutionProperties) = preSolution
		HideSolutionNode = FALSE
	EndGlobalSection
	GlobalSection(ExtensibilityGlobals) = postSolution
		SolutionGuid = {270B10A6-D752-4735-A4A5-A85D8B6108BB}
	EndGlobalSection
EndGlobal
